
Microsoft Visual Studio Solution File, Format Version 12.00
# Visual Studio Version 17
VisualStudioVersion = 17.8.34330.188
MinimumVisualStudioVersion = 10.0.40219.1
Project("{FAE04EC0-301F-11D3-BF4B-00C04F79EFBC}") = "Infrastructure", "Infrastructure\Infrastructure.csproj", "{894097B3-6076-4362-B269-C36B5A2E1A01}"
EndProject
Project("{FAE04EC0-301F-11D3-BF4B-00C04F79EFBC}") = "Presentation", "Presentation\Presentation.csproj", "{78CB9B91-6BC9-4609-942E-F27A506FA33C}"
EndProject
Global
	GlobalSection(SolutionConfigurationPlatforms) = preSolution
		Debug|Any CPU = Debug|Any CPU
		Release|Any CPU = Release|Any CPU
	EndGlobalSection
	GlobalSection(ProjectConfigurationPlatforms) = postSolution
		{894097B3-6076-4362-B269-C36B5A2E1A01}.Debug|Any CPU.ActiveCfg = Debug|Any CPU
		{894097B3-6076-4362-B269-C36B5A2E1A01}.Debug|Any CPU.Build.0 = Debug|Any CPU
		{894097B3-6076-4362-B269-C36B5A2E1A01}.Release|Any CPU.ActiveCfg = Release|Any CPU
		{894097B3-6076-4362-B269-C36B5A2E1A01}.Release|Any CPU.Build.0 = Release|Any CPU
		{78CB9B91-6BC9-4609-942E-F27A506FA33C}.Debug|Any CPU.ActiveCfg = Debug|Any CPU
		{78CB9B91-6BC9-4609-942E-F27A506FA33C}.Debug|Any CPU.Build.0 = Debug|Any CPU
		{78CB9B91-6BC9-4609-942E-F27A506FA33C}.Release|Any CPU.ActiveCfg = Release|Any CPU
		{78CB9B91-6BC9-4609-942E-F27A506FA33C}.Release|Any CPU.Build.0 = Release|Any CPU
	EndGlobalSection
	GlobalSection(SolutionProperties) = preSolution
		HideSolutionNode = FALSE
	EndGlobalSection
	GlobalSection(ExtensibilityGlobals) = postSolution
		SolutionGuid = {F281F97E-D994-434C-8D7F-EBCABA194041}
	EndGlobalSection
EndGlobal
